schema: '2.0'
stages:
  test:
    cmd: FAST=0 make test
    deps:
    - path: data/gt-tracking.json.gz
      md5: bb1addb9865960b925287c37a830da32
      size: 30462
    - path: data/pred-detections.json.gz
      md5: e7f71a90c7e5bcb9c4bb86eed280c05a
      size: 615576
    - path: sparrow_tracky/deepsort/tracker.py
      md5: 6aa11dffe8aaa2bba8fbcde45f398876
      size: 4876
    - path: sparrow_tracky/deepsort/tracker_test.py
      md5: d9b2acb27b2698dfebd40a171d6c6009
      size: 3226
    outs:
    - path: data/no-kalman-filter/bicycle.json
      md5: 87ce80e8869e857bb649ef41c88cff46
      size: 138
    - path: data/no-kalman-filter/car.json
      md5: 57d44c5a8b1172684833ca90c37530c3
      size: 159
    - path: data/no-kalman-filter/chair.json
      md5: 4cbac9deed593a4b0c16fd1954d66b89
      size: 138
    - path: data/no-kalman-filter/person.json
      md5: 97fb6002a0ab56aa8de16e74a67711a2
      size: 135
